
Microsoft Visual Studio Solution File, Format Version 12.00
# Visual Studio Version 17
VisualStudioVersion = 17.12.35527.113 d17.12
MinimumVisualStudioVersion = 10.0.40219.1
Project("{FAE04EC0-301F-11D3-BF4B-00C04F79EFBC}") = "Gethsemane.MusicMinistry.HarmonyHub", "Gethsemane.MusicMinistry.HarmonyHub\Gethsemane.MusicMinistry.HarmonyHub.csproj", "{D7BD5EDB-168F-4A05-BDB7-1D7A8CC86EF6}"
EndProject
Project("{FAE04EC0-301F-11D3-BF4B-00C04F79EFBC}") = "Gethsemane.MusicMinistry.HarmonyHub.MauiControls", "Gethsemane.MusicMinistry.HarmonyHub.MauiControls\Gethsemane.MusicMinistry.HarmonyHub.MauiControls.csproj", "{A4F17C7B-2CF9-4F77-8121-12A77A34861E}"
EndProject
Project("{2150E333-8FDC-42A3-9474-1A3956D46DE8}") = "Tests", "Tests", "{ED323BE7-C498-4FF0-BDE9-2A3F88503FE5}"
EndProject
Project("{FAE04EC0-301F-11D3-BF4B-00C04F79EFBC}") = "Gethsemane.MusicMinistry.HarmonyHub.UITests", "Gethsemane.MusicMinistry.HarmonyHub.UITests\Gethsemane.MusicMinistry.HarmonyHub.UITests.csproj", "{EDAF4F5A-C382-4159-B5B3-5237FF7646F8}"
EndProject
Project("{FAE04EC0-301F-11D3-BF4B-00C04F79EFBC}") = "Gethsemane.MusicMinistry.HarmonyHub.Tests", "Gethsemane.MusicMinistry.HarmonyHub.Tests\Gethsemane.MusicMinistry.HarmonyHub.Tests.csproj", "{3B4CF00A-CEE1-4705-ABB9-7DDD899B86BD}"
EndProject
Project("{2150E333-8FDC-42A3-9474-1A3956D46DE8}") = "Solution Items", "Solution Items", "{768943B2-0629-4754-A375-155797E39E5A}"
	ProjectSection(SolutionItems) = preProject
		.gitignore = .gitignore
		Directory.Build.props = Directory.Build.props
		Directory.Build.targets = Directory.Build.targets
		Directory.Packages.props = Directory.Packages.props
		global.json = global.json
	EndProjectSection
EndProject
Global
	GlobalSection(SolutionConfigurationPlatforms) = preSolution
		Debug|Any CPU = Debug|Any CPU
		Release|Any CPU = Release|Any CPU
	EndGlobalSection
	GlobalSection(ProjectConfigurationPlatforms) = postSolution
		{D7BD5EDB-168F-4A05-BDB7-1D7A8CC86EF6}.Debug|Any CPU.ActiveCfg = Debug|Any CPU
		{D7BD5EDB-168F-4A05-BDB7-1D7A8CC86EF6}.Debug|Any CPU.Build.0 = Debug|Any CPU
		{D7BD5EDB-168F-4A05-BDB7-1D7A8CC86EF6}.Debug|Any CPU.Deploy.0 = Debug|Any CPU
		{D7BD5EDB-168F-4A05-BDB7-1D7A8CC86EF6}.Release|Any CPU.ActiveCfg = Release|Any CPU
		{D7BD5EDB-168F-4A05-BDB7-1D7A8CC86EF6}.Release|Any CPU.Build.0 = Release|Any CPU
		{D7BD5EDB-168F-4A05-BDB7-1D7A8CC86EF6}.Release|Any CPU.Deploy.0 = Release|Any CPU
		{A4F17C7B-2CF9-4F77-8121-12A77A34861E}.Debug|Any CPU.ActiveCfg = Debug|Any CPU
		{A4F17C7B-2CF9-4F77-8121-12A77A34861E}.Debug|Any CPU.Build.0 = Debug|Any CPU
		{A4F17C7B-2CF9-4F77-8121-12A77A34861E}.Debug|Any CPU.Deploy.0 = Debug|Any CPU
		{A4F17C7B-2CF9-4F77-8121-12A77A34861E}.Release|Any CPU.ActiveCfg = Release|Any CPU
		{A4F17C7B-2CF9-4F77-8121-12A77A34861E}.Release|Any CPU.Build.0 = Release|Any CPU
		{A4F17C7B-2CF9-4F77-8121-12A77A34861E}.Release|Any CPU.Deploy.0 = Release|Any CPU
		{EDAF4F5A-C382-4159-B5B3-5237FF7646F8}.Debug|Any CPU.ActiveCfg = Debug|Any CPU
		{EDAF4F5A-C382-4159-B5B3-5237FF7646F8}.Debug|Any CPU.Build.0 = Debug|Any CPU
		{EDAF4F5A-C382-4159-B5B3-5237FF7646F8}.Debug|Any CPU.Deploy.0 = Debug|Any CPU
		{EDAF4F5A-C382-4159-B5B3-5237FF7646F8}.Release|Any CPU.ActiveCfg = Release|Any CPU
		{EDAF4F5A-C382-4159-B5B3-5237FF7646F8}.Release|Any CPU.Build.0 = Release|Any CPU
		{EDAF4F5A-C382-4159-B5B3-5237FF7646F8}.Release|Any CPU.Deploy.0 = Release|Any CPU
		{3B4CF00A-CEE1-4705-ABB9-7DDD899B86BD}.Debug|Any CPU.ActiveCfg = Debug|Any CPU
		{3B4CF00A-CEE1-4705-ABB9-7DDD899B86BD}.Debug|Any CPU.Build.0 = Debug|Any CPU
		{3B4CF00A-CEE1-4705-ABB9-7DDD899B86BD}.Debug|Any CPU.Deploy.0 = Debug|Any CPU
		{3B4CF00A-CEE1-4705-ABB9-7DDD899B86BD}.Release|Any CPU.ActiveCfg = Release|Any CPU
		{3B4CF00A-CEE1-4705-ABB9-7DDD899B86BD}.Release|Any CPU.Build.0 = Release|Any CPU
		{3B4CF00A-CEE1-4705-ABB9-7DDD899B86BD}.Release|Any CPU.Deploy.0 = Release|Any CPU
	EndGlobalSection
	GlobalSection(SolutionProperties) = preSolution
		HideSolutionNode = FALSE
	EndGlobalSection
	GlobalSection(NestedProjects) = preSolution
		{EDAF4F5A-C382-4159-B5B3-5237FF7646F8} = {ED323BE7-C498-4FF0-BDE9-2A3F88503FE5}
		{3B4CF00A-CEE1-4705-ABB9-7DDD899B86BD} = {ED323BE7-C498-4FF0-BDE9-2A3F88503FE5}
	EndGlobalSection
EndGlobal
