Microsoft Visual Studio Solution File, Format Version 12.00
# Visual Studio Version 17
VisualStudioVersion = 17.2.32210.308
MinimumVisualStudioVersion = 15.0.26124.0

Project("{2150E333-8FDC-42A3-9474-1A3956D46DE8}") = "Source", "Source", "{FD2905D1-BEAF-4363-986C-FD4F5E9BBEBA}"
EndProject
Project("{2150E333-8FDC-42A3-9474-1A3956D46DE8}") = "Tests", "Tests", "{3BF22067-FAC1-4039-A310-15E682A2EDF3}"
EndProject
Project("{9A19103F-16F7-4668-BE54-9A1E7A4F7556}") = "Gethsemane.MusicMinistry.HarmonyHub", "Gethsemane.MusicMinistry.HarmonyHub\Gethsemane.MusicMinistry.HarmonyHub.csproj", "{E362214D-8780-49F9-A6A2-17F0D2709F64}"
EndProject
Project("{9A19103F-16F7-4668-BE54-9A1E7A4F7556}") = "Gethsemane.MusicMinistry.HarmonyHub.MauiControls", "Gethsemane.MusicMinistry.HarmonyHub.MauiControls\Gethsemane.MusicMinistry.HarmonyHub.MauiControls.csproj", "{4157BED9-6F35-4101-A2B2-8774128B12FB}"
EndProject
Project("{9A19103F-16F7-4668-BE54-9A1E7A4F7556}") = "Gethsemane.MusicMinistry.HarmonyHub.Tests", "Gethsemane.MusicMinistry.HarmonyHub.Tests\Gethsemane.MusicMinistry.HarmonyHub.Tests.csproj", "{530C0B0E-BFCE-4B6C-A558-8973FCC12559}"
EndProject
Project("{9A19103F-16F7-4668-BE54-9A1E7A4F7556}") = "Gethsemane.MusicMinistry.HarmonyHub.UITests", "Gethsemane.MusicMinistry.HarmonyHub.UITests\Gethsemane.MusicMinistry.HarmonyHub.UITests.csproj", "{17116D67-4259-4281-A959-5F78402AE93A}"
EndProject

Project("{2150E333-8FDC-42A3-9474-1A3956D46DE8}") = "Solution Items", "Solution Items", "{BADA71DC-7FFD-4EDC-9F28-FB74AEADC713}"
	ProjectSection(SolutionItems) = preProject
		.editorconfig = .editorconfig
		.gitignore = .gitignore
		.vsconfig = .vsconfig
		Directory.Build.props = Directory.Build.props
		Directory.Build.targets = Directory.Build.targets
		Directory.Packages.props = Directory.Packages.props
		global.json = global.json
	EndProjectSection
EndProject
Global
	GlobalSection(SolutionConfigurationPlatforms) = preSolution
		Debug|Any CPU = Debug|Any CPU
		Debug|ARM = Debug|ARM
		Debug|ARM64 = Debug|ARM64
		Debug|iPhone = Debug|iPhone
		Debug|iPhoneSimulator = Debug|iPhoneSimulator
		Debug|x64 = Debug|x64
		Debug|x86 = Debug|x86
		Release|Any CPU = Release|Any CPU
		Release|ARM = Release|ARM
		Release|ARM64 = Release|ARM64
		Release|iPhone = Release|iPhone
		Release|iPhoneSimulator = Release|iPhoneSimulator
		Release|x64 = Release|x64
		Release|x86 = Release|x86
	EndGlobalSection
	GlobalSection(ProjectConfigurationPlatforms) = postSolution
		{4157BED9-6F35-4101-A2B2-8774128B12FB}.Debug|Any CPU.ActiveCfg = Debug|Any CPU
		{4157BED9-6F35-4101-A2B2-8774128B12FB}.Debug|Any CPU.Build.0 = Debug|Any CPU
		{4157BED9-6F35-4101-A2B2-8774128B12FB}.Debug|ARM.ActiveCfg = Debug|Any CPU
		{4157BED9-6F35-4101-A2B2-8774128B12FB}.Debug|ARM.Build.0 = Debug|Any CPU
		{4157BED9-6F35-4101-A2B2-8774128B12FB}.Debug|ARM64.ActiveCfg = Debug|Any CPU
		{4157BED9-6F35-4101-A2B2-8774128B12FB}.Debug|ARM64.Build.0 = Debug|Any CPU
		{4157BED9-6F35-4101-A2B2-8774128B12FB}.Debug|iPhone.ActiveCfg = Debug|Any CPU
		{4157BED9-6F35-4101-A2B2-8774128B12FB}.Debug|iPhone.Build.0 = Debug|Any CPU
		{4157BED9-6F35-4101-A2B2-8774128B12FB}.Debug|iPhoneSimulator.ActiveCfg = Debug|Any CPU
		{4157BED9-6F35-4101-A2B2-8774128B12FB}.Debug|iPhoneSimulator.Build.0 = Debug|Any CPU
		{4157BED9-6F35-4101-A2B2-8774128B12FB}.Debug|x64.ActiveCfg = Debug|Any CPU
		{4157BED9-6F35-4101-A2B2-8774128B12FB}.Debug|x64.Build.0 = Debug|Any CPU
		{4157BED9-6F35-4101-A2B2-8774128B12FB}.Debug|x86.ActiveCfg = Debug|Any CPU
		{4157BED9-6F35-4101-A2B2-8774128B12FB}.Debug|x86.Build.0 = Debug|Any CPU
		{4157BED9-6F35-4101-A2B2-8774128B12FB}.Release|Any CPU.ActiveCfg = Release|Any CPU
		{4157BED9-6F35-4101-A2B2-8774128B12FB}.Release|Any CPU.Build.0 = Release|Any CPU
		{4157BED9-6F35-4101-A2B2-8774128B12FB}.Release|ARM.ActiveCfg = Release|Any CPU
		{4157BED9-6F35-4101-A2B2-8774128B12FB}.Release|ARM.Build.0 = Release|Any CPU
		{4157BED9-6F35-4101-A2B2-8774128B12FB}.Release|ARM64.ActiveCfg = Release|Any CPU
		{4157BED9-6F35-4101-A2B2-8774128B12FB}.Release|ARM64.Build.0 = Release|Any CPU
		{4157BED9-6F35-4101-A2B2-8774128B12FB}.Release|iPhone.ActiveCfg = Release|Any CPU
		{4157BED9-6F35-4101-A2B2-8774128B12FB}.Release|iPhone.Build.0 = Release|Any CPU
		{4157BED9-6F35-4101-A2B2-8774128B12FB}.Release|iPhoneSimulator.ActiveCfg = Release|Any CPU
		{4157BED9-6F35-4101-A2B2-8774128B12FB}.Release|iPhoneSimulator.Build.0 = Release|Any CPU
		{4157BED9-6F35-4101-A2B2-8774128B12FB}.Release|x64.ActiveCfg = Release|Any CPU
		{4157BED9-6F35-4101-A2B2-8774128B12FB}.Release|x64.Build.0 = Release|Any CPU
		{4157BED9-6F35-4101-A2B2-8774128B12FB}.Release|x86.ActiveCfg = Release|Any CPU
		{4157BED9-6F35-4101-A2B2-8774128B12FB}.Release|x86.Build.0 = Release|Any CPU
		{E362214D-8780-49F9-A6A2-17F0D2709F64}.Debug|Any CPU.ActiveCfg = Debug|Any CPU
		{E362214D-8780-49F9-A6A2-17F0D2709F64}.Debug|Any CPU.Build.0 = Debug|Any CPU
		{E362214D-8780-49F9-A6A2-17F0D2709F64}.Debug|Any CPU.Deploy.0 = Debug|Any CPU
		{E362214D-8780-49F9-A6A2-17F0D2709F64}.Debug|ARM.ActiveCfg = Debug|Any CPU
		{E362214D-8780-49F9-A6A2-17F0D2709F64}.Debug|ARM.Build.0 = Debug|Any CPU
		{E362214D-8780-49F9-A6A2-17F0D2709F64}.Debug|ARM.Deploy.0 = Debug|Any CPU
		{E362214D-8780-49F9-A6A2-17F0D2709F64}.Debug|ARM64.ActiveCfg = Debug|Any CPU
		{E362214D-8780-49F9-A6A2-17F0D2709F64}.Debug|ARM64.Build.0 = Debug|Any CPU
		{E362214D-8780-49F9-A6A2-17F0D2709F64}.Debug|ARM64.Deploy.0 = Debug|Any CPU
		{E362214D-8780-49F9-A6A2-17F0D2709F64}.Debug|iPhone.ActiveCfg = Debug|Any CPU
		{E362214D-8780-49F9-A6A2-17F0D2709F64}.Debug|iPhone.Build.0 = Debug|Any CPU
		{E362214D-8780-49F9-A6A2-17F0D2709F64}.Debug|iPhone.Deploy.0 = Debug|Any CPU
		{E362214D-8780-49F9-A6A2-17F0D2709F64}.Debug|iPhoneSimulator.ActiveCfg = Debug|Any CPU
		{E362214D-8780-49F9-A6A2-17F0D2709F64}.Debug|iPhoneSimulator.Build.0 = Debug|Any CPU
		{E362214D-8780-49F9-A6A2-17F0D2709F64}.Debug|iPhoneSimulator.Deploy.0 = Debug|Any CPU
		{E362214D-8780-49F9-A6A2-17F0D2709F64}.Debug|x64.ActiveCfg = Debug|Any CPU
		{E362214D-8780-49F9-A6A2-17F0D2709F64}.Debug|x64.Build.0 = Debug|Any CPU
		{E362214D-8780-49F9-A6A2-17F0D2709F64}.Debug|x64.Deploy.0 = Debug|Any CPU
		{E362214D-8780-49F9-A6A2-17F0D2709F64}.Debug|x86.ActiveCfg = Debug|Any CPU
		{E362214D-8780-49F9-A6A2-17F0D2709F64}.Debug|x86.Build.0 = Debug|Any CPU
		{E362214D-8780-49F9-A6A2-17F0D2709F64}.Debug|x86.Deploy.0 = Debug|Any CPU
		{E362214D-8780-49F9-A6A2-17F0D2709F64}.Release|Any CPU.ActiveCfg = Release|Any CPU
		{E362214D-8780-49F9-A6A2-17F0D2709F64}.Release|Any CPU.Build.0 = Release|Any CPU
		{E362214D-8780-49F9-A6A2-17F0D2709F64}.Release|Any CPU.Deploy.0 = Release|Any CPU
		{E362214D-8780-49F9-A6A2-17F0D2709F64}.Release|ARM.ActiveCfg = Release|Any CPU
		{E362214D-8780-49F9-A6A2-17F0D2709F64}.Release|ARM.Build.0 = Release|Any CPU
		{E362214D-8780-49F9-A6A2-17F0D2709F64}.Release|ARM.Deploy.0 = Release|Any CPU
		{E362214D-8780-49F9-A6A2-17F0D2709F64}.Release|ARM64.ActiveCfg = Release|Any CPU
		{E362214D-8780-49F9-A6A2-17F0D2709F64}.Release|ARM64.Build.0 = Release|Any CPU
		{E362214D-8780-49F9-A6A2-17F0D2709F64}.Release|ARM64.Deploy.0 = Release|Any CPU
		{E362214D-8780-49F9-A6A2-17F0D2709F64}.Release|iPhone.ActiveCfg = Release|Any CPU
		{E362214D-8780-49F9-A6A2-17F0D2709F64}.Release|iPhone.Build.0 = Release|Any CPU
		{E362214D-8780-49F9-A6A2-17F0D2709F64}.Release|iPhone.Deploy.0 = Release|Any CPU
		{E362214D-8780-49F9-A6A2-17F0D2709F64}.Release|iPhoneSimulator.ActiveCfg = Release|Any CPU
		{E362214D-8780-49F9-A6A2-17F0D2709F64}.Release|iPhoneSimulator.Build.0 = Release|Any CPU
		{E362214D-8780-49F9-A6A2-17F0D2709F64}.Release|iPhoneSimulator.Deploy.0 = Release|Any CPU
		{E362214D-8780-49F9-A6A2-17F0D2709F64}.Release|x64.ActiveCfg = Release|Any CPU
		{E362214D-8780-49F9-A6A2-17F0D2709F64}.Release|x64.Build.0 = Release|Any CPU
		{E362214D-8780-49F9-A6A2-17F0D2709F64}.Release|x64.Deploy.0 = Release|Any CPU
		{E362214D-8780-49F9-A6A2-17F0D2709F64}.Release|x86.ActiveCfg = Release|Any CPU
		{E362214D-8780-49F9-A6A2-17F0D2709F64}.Release|x86.Build.0 = Release|Any CPU
		{E362214D-8780-49F9-A6A2-17F0D2709F64}.Release|x86.Deploy.0 = Release|Any CPU
		{530C0B0E-BFCE-4B6C-A558-8973FCC12559}.Debug|Any CPU.ActiveCfg = Debug|Any CPU
		{530C0B0E-BFCE-4B6C-A558-8973FCC12559}.Debug|Any CPU.Build.0 = Debug|Any CPU
		{530C0B0E-BFCE-4B6C-A558-8973FCC12559}.Debug|ARM.ActiveCfg = Debug|Any CPU
		{530C0B0E-BFCE-4B6C-A558-8973FCC12559}.Debug|ARM.Build.0 = Debug|Any CPU
		{530C0B0E-BFCE-4B6C-A558-8973FCC12559}.Debug|ARM64.ActiveCfg = Debug|Any CPU
		{530C0B0E-BFCE-4B6C-A558-8973FCC12559}.Debug|ARM64.Build.0 = Debug|Any CPU
		{530C0B0E-BFCE-4B6C-A558-8973FCC12559}.Debug|iPhone.ActiveCfg = Debug|Any CPU
		{530C0B0E-BFCE-4B6C-A558-8973FCC12559}.Debug|iPhone.Build.0 = Debug|Any CPU
		{530C0B0E-BFCE-4B6C-A558-8973FCC12559}.Debug|iPhoneSimulator.ActiveCfg = Debug|Any CPU
		{530C0B0E-BFCE-4B6C-A558-8973FCC12559}.Debug|iPhoneSimulator.Build.0 = Debug|Any CPU
		{530C0B0E-BFCE-4B6C-A558-8973FCC12559}.Debug|x64.ActiveCfg = Debug|Any CPU
		{530C0B0E-BFCE-4B6C-A558-8973FCC12559}.Debug|x64.Build.0 = Debug|Any CPU
		{530C0B0E-BFCE-4B6C-A558-8973FCC12559}.Debug|x86.ActiveCfg = Debug|Any CPU
		{530C0B0E-BFCE-4B6C-A558-8973FCC12559}.Debug|x86.Build.0 = Debug|Any CPU
		{530C0B0E-BFCE-4B6C-A558-8973FCC12559}.Release|Any CPU.ActiveCfg = Release|Any CPU
		{530C0B0E-BFCE-4B6C-A558-8973FCC12559}.Release|Any CPU.Build.0 = Release|Any CPU
		{530C0B0E-BFCE-4B6C-A558-8973FCC12559}.Release|ARM.ActiveCfg = Release|Any CPU
		{530C0B0E-BFCE-4B6C-A558-8973FCC12559}.Release|ARM.Build.0 = Release|Any CPU
		{530C0B0E-BFCE-4B6C-A558-8973FCC12559}.Release|ARM64.ActiveCfg = Release|Any CPU
		{530C0B0E-BFCE-4B6C-A558-8973FCC12559}.Release|ARM64.Build.0 = Release|Any CPU
		{530C0B0E-BFCE-4B6C-A558-8973FCC12559}.Release|iPhone.ActiveCfg = Release|Any CPU
		{530C0B0E-BFCE-4B6C-A558-8973FCC12559}.Release|iPhone.Build.0 = Release|Any CPU
		{530C0B0E-BFCE-4B6C-A558-8973FCC12559}.Release|iPhoneSimulator.ActiveCfg = Release|Any CPU
		{530C0B0E-BFCE-4B6C-A558-8973FCC12559}.Release|iPhoneSimulator.Build.0 = Release|Any CPU
		{530C0B0E-BFCE-4B6C-A558-8973FCC12559}.Release|x64.ActiveCfg = Release|Any CPU
		{530C0B0E-BFCE-4B6C-A558-8973FCC12559}.Release|x64.Build.0 = Release|Any CPU
		{530C0B0E-BFCE-4B6C-A558-8973FCC12559}.Release|x86.ActiveCfg = Release|Any CPU
		{530C0B0E-BFCE-4B6C-A558-8973FCC12559}.Release|x86.Build.0 = Release|Any CPU
		{17116D67-4259-4281-A959-5F78402AE93A}.Debug|Any CPU.ActiveCfg = Debug|Any CPU
		{17116D67-4259-4281-A959-5F78402AE93A}.Debug|Any CPU.Build.0 = Debug|Any CPU
		{17116D67-4259-4281-A959-5F78402AE93A}.Debug|ARM.ActiveCfg = Debug|Any CPU
		{17116D67-4259-4281-A959-5F78402AE93A}.Debug|ARM.Build.0 = Debug|Any CPU
		{17116D67-4259-4281-A959-5F78402AE93A}.Debug|ARM64.ActiveCfg = Debug|Any CPU
		{17116D67-4259-4281-A959-5F78402AE93A}.Debug|ARM64.Build.0 = Debug|Any CPU
		{17116D67-4259-4281-A959-5F78402AE93A}.Debug|iPhone.ActiveCfg = Debug|Any CPU
		{17116D67-4259-4281-A959-5F78402AE93A}.Debug|iPhone.Build.0 = Debug|Any CPU
		{17116D67-4259-4281-A959-5F78402AE93A}.Debug|iPhoneSimulator.ActiveCfg = Debug|Any CPU
		{17116D67-4259-4281-A959-5F78402AE93A}.Debug|iPhoneSimulator.Build.0 = Debug|Any CPU
		{17116D67-4259-4281-A959-5F78402AE93A}.Debug|x64.ActiveCfg = Debug|Any CPU
		{17116D67-4259-4281-A959-5F78402AE93A}.Debug|x64.Build.0 = Debug|Any CPU
		{17116D67-4259-4281-A959-5F78402AE93A}.Debug|x86.ActiveCfg = Debug|Any CPU
		{17116D67-4259-4281-A959-5F78402AE93A}.Debug|x86.Build.0 = Debug|Any CPU
		{17116D67-4259-4281-A959-5F78402AE93A}.Release|Any CPU.ActiveCfg = Release|Any CPU
		{17116D67-4259-4281-A959-5F78402AE93A}.Release|Any CPU.Build.0 = Release|Any CPU
		{17116D67-4259-4281-A959-5F78402AE93A}.Release|ARM.ActiveCfg = Release|Any CPU
		{17116D67-4259-4281-A959-5F78402AE93A}.Release|ARM.Build.0 = Release|Any CPU
		{17116D67-4259-4281-A959-5F78402AE93A}.Release|ARM64.ActiveCfg = Release|Any CPU
		{17116D67-4259-4281-A959-5F78402AE93A}.Release|ARM64.Build.0 = Release|Any CPU
		{17116D67-4259-4281-A959-5F78402AE93A}.Release|iPhone.ActiveCfg = Release|Any CPU
		{17116D67-4259-4281-A959-5F78402AE93A}.Release|iPhone.Build.0 = Release|Any CPU
		{17116D67-4259-4281-A959-5F78402AE93A}.Release|iPhoneSimulator.ActiveCfg = Release|Any CPU
		{17116D67-4259-4281-A959-5F78402AE93A}.Release|iPhoneSimulator.Build.0 = Release|Any CPU
		{17116D67-4259-4281-A959-5F78402AE93A}.Release|x64.ActiveCfg = Release|Any CPU
		{17116D67-4259-4281-A959-5F78402AE93A}.Release|x64.Build.0 = Release|Any CPU
		{17116D67-4259-4281-A959-5F78402AE93A}.Release|x86.ActiveCfg = Release|Any CPU
		{17116D67-4259-4281-A959-5F78402AE93A}.Release|x86.Build.0 = Release|Any CPU
	EndGlobalSection
	GlobalSection(SolutionProperties) = preSolution
		HideSolutionNode = FALSE
	EndGlobalSection
	GlobalSection(NestedProjects) = preSolution
		{E362214D-8780-49F9-A6A2-17F0D2709F64} = {FD2905D1-BEAF-4363-986C-FD4F5E9BBEBA}
		{4157BED9-6F35-4101-A2B2-8774128B12FB} = {FD2905D1-BEAF-4363-986C-FD4F5E9BBEBA}
		{530C0B0E-BFCE-4B6C-A558-8973FCC12559} = {3BF22067-FAC1-4039-A310-15E682A2EDF3}
		{17116D67-4259-4281-A959-5F78402AE93A} = {3BF22067-FAC1-4039-A310-15E682A2EDF3}
	EndGlobalSection
	GlobalSection(ExtensibilityGlobals) = postSolution
		SolutionGuid = {7804BB5A-7231-416E-9B70-80F25ED57052}
	EndGlobalSection
EndGlobal
